PODS:
  - AFNetworking (2.5.4):
    - AFNetworking/NSURLConnection (= 2.5.4)
    - AFNetworking/NSURLSession (= 2.5.4)
    - AFNetworking/Reachability (= 2.5.4)
    - AFNetworking/Security (= 2.5.4)
    - AFNetworking/Serialization (= 2.5.4)
    - AFNetworking/UIKit (= 2.5.4)
  - AFNetworking/NSURLConnection (2.5.4):
    - AFNetworking/Reachability
    - AFNetworking/Security
    - AFNetworking/Serialization
  - AFNetworking/NSURLSession (2.5.4):
    - AFNetworking/Reachability
    - AFNetworking/Security
    - AFNetworking/Serialization
  - AFNetworking/Reachability (2.5.4)
  - AFNetworking/Security (2.5.4)
  - AFNetworking/Serialization (2.5.4)
  - AFNetworking/UIKit (2.5.4):
    - AFNetworking/NSURLConnection
    - AFNetworking/NSURLSession
  - Moltin (0.0.1):
    - AFNetworking
  - SwiftSpinner (0.7.0)

DEPENDENCIES:
  - Moltin (from `https://github.com/moltin/ios-sdk.git`, branch `inhouse-dev`)
  - SwiftSpinner

EXTERNAL SOURCES:
  Moltin:
    :branch: inhouse-dev
    :git: https://github.com/moltin/ios-sdk.git

CHECKOUT OPTIONS:
  Moltin:
    :commit: d7e5fa86ad4190a5977fc340fd3544859be8be4a
    :git: https://github.com/moltin/ios-sdk.git

SPEC CHECKSUMS:
  AFNetworking: 05edc0ac4c4c8cf57bcf4b84be5b0744b6d8e71e
  Moltin: 46c4eec862d57fefc39b0a701ca1bfa80c704a7a
  SwiftSpinner: 034bb8b00675b3e4f4c97531fa9af3f550462192

COCOAPODS: 0.38.1
