PODS:
  - AFNetworking (3.1.0):
    - AFNetworking/NSURLSession (= 3.1.0)
    - AFNetworking/Reachability (= 3.1.0)
    - AFNetworking/Security (= 3.1.0)
    - AFNetworking/Serialization (= 3.1.0)
    - AFNetworking/UIKit (= 3.1.0)
  - AFNetworking/NSURLSession (3.1.0):
    - AFNetworking/Reachability
    - AFNetworking/Security
    - AFNetworking/Serialization
  - AFNetworking/Reachability (3.1.0)
  - AFNetworking/Security (3.1.0)
  - AFNetworking/Serialization (3.1.0)
  - AFNetworking/UIKit (3.1.0):
    - AFNetworking/NSURLSession
  - Moltin (1.1.5):
    - AFNetworking
  - SDWebImage (3.8.2):
    - SDWebImage/Core (= 3.8.2)
  - SDWebImage/Core (3.8.2)

DEPENDENCIES:
  - Moltin (from `https://github.com/moltin/ios-sdk.git`, branch `master`)
  - SDWebImage (~> 3.7)

EXTERNAL SOURCES:
  Moltin:
    :branch: master
    :git: https://github.com/moltin/ios-sdk.git

CHECKOUT OPTIONS:
  Moltin:
    :commit: 0e4fe4d764633c90397c8908e5e0038fcfa9a9c4
    :git: https://github.com/moltin/ios-sdk.git

SPEC CHECKSUMS:
  AFNetworking: 5e0e199f73d8626b11e79750991f5d173d1f8b67
  Moltin: 80fe95499216cf783c183bc56352b6b92a3e4836
  SDWebImage: 098e97e6176540799c27e804c96653ee0833d13c

PODFILE CHECKSUM: 010974f7069915d86f84f0fdfdb9711270bda919

COCOAPODS: 1.0.0
